
Microsoft Visual Studio Solution File, Format Version 12.00
# Visual Studio Version 17
VisualStudioVersion = 17.7.34221.43
MinimumVisualStudioVersion = 10.0.40219.1
Project("{2150E333-8FDC-42A3-9474-1A3956D46DE8}") = "Libraries", "Libraries", "{0233806C-C951-4B11-AEB1-A52AF5243C3B}"
EndProject
Project("{2150E333-8FDC-42A3-9474-1A3956D46DE8}") = "MalignEngine", "MalignEngine", "{6937B470-5FA2-4A96-995B-92A0FB3B7192}"
EndProject
Project("{9A19103F-16F7-4668-BE54-9A1E7A4F7556}") = "Arch", "MalignEngine\Libraries\Arch\src\Arch\Arch.csproj", "{1FD9B891-1719-4959-B6C8-BAE254D5DCA6}"
EndProject
Project("{9A19103F-16F7-4668-BE54-9A1E7A4F7556}") = "Arch.SourceGen", "MalignEngine\Libraries\Arch\src\Arch.SourceGen\Arch.SourceGen.csproj", "{0B92E64D-DF38-48B0-866D-207A7D2F8423}"
EndProject
Project("{9A19103F-16F7-4668-BE54-9A1E7A4F7556}") = "NetSerializer", "MalignEngine\Libraries\netserializer\NetSerializer\NetSerializer.csproj", "{CE87A8E8-9D28-4EA0-A521-B951B057BDF0}"
EndProject
Project("{9A19103F-16F7-4668-BE54-9A1E7A4F7556}") = "MalignEngine.Core", "MalignEngine\MalignEngine.Core\MalignEngine.Core.csproj", "{AA01EA7A-2D09-41C4-A89E-C31B309DB59C}"
EndProject
Project("{FAE04EC0-301F-11D3-BF4B-00C04F79EFBC}") = "MalignEngine.Sample", "MalignEngine.Sample\MalignEngine.Sample.csproj", "{B0812DD4-C4B3-4B30-862C-10FFB78138C8}"
EndProject
Project("{FAE04EC0-301F-11D3-BF4B-00C04F79EFBC}") = "MalignEngine.Network", "MalignEngine\MalignEngine.Network\MalignEngine.Network.csproj", "{6278BE85-0794-4F22-B701-D132BA9A99DB}"
EndProject
Project("{FAE04EC0-301F-11D3-BF4B-00C04F79EFBC}") = "MalignEngine.Experimentation", "MalignEngine.Experimentation\MalignEngine.Experimentation.csproj", "{2A2CC63F-7C08-43D6-8F78-129299CC021F}"
EndProject
Project("{FAE04EC0-301F-11D3-BF4B-00C04F79EFBC}") = "MalignEngine.Samples.Minesweeper", "MalignEngine.Samples.Minesweeper\MalignEngine.Samples.Minesweeper.csproj", "{8FBA246A-0486-4FDA-9FB0-E3D818A24896}"
EndProject
Project("{FAE04EC0-301F-11D3-BF4B-00C04F79EFBC}") = "MalignEngine.Samples.Cubes", "MalignEngine.Samples.Cubes\MalignEngine.Samples.Cubes.csproj", "{537025F0-EFB6-481F-AA06-AECFBA95F711}"
EndProject
Project("{FAE04EC0-301F-11D3-BF4B-00C04F79EFBC}") = "MalignEngine.Editor", "MalignEngine\MalignEngine.Editor\MalignEngine.Editor.csproj", "{B556892F-DAD6-4B19-81DE-EB4D0A671B0F}"
EndProject
Global
	GlobalSection(SolutionConfigurationPlatforms) = preSolution
		Debug|Any CPU = Debug|Any CPU
		Debug-Events|Any CPU = Debug-Events|Any CPU
		Debug-PureECS|Any CPU = Debug-PureECS|Any CPU
		Release|Any CPU = Release|Any CPU
		Release-Events|Any CPU = Release-Events|Any CPU
		Release-Pure|Any CPU = Release-Pure|Any CPU
		Release-PureECS|Any CPU = Release-PureECS|Any CPU
	EndGlobalSection
	GlobalSection(ProjectConfigurationPlatforms) = postSolution
		{1FD9B891-1719-4959-B6C8-BAE254D5DCA6}.Debug|Any CPU.ActiveCfg = Debug|Any CPU
		{1FD9B891-1719-4959-B6C8-BAE254D5DCA6}.Debug|Any CPU.Build.0 = Debug|Any CPU
		{1FD9B891-1719-4959-B6C8-BAE254D5DCA6}.Debug-Events|Any CPU.ActiveCfg = Debug-Events|Any CPU
		{1FD9B891-1719-4959-B6C8-BAE254D5DCA6}.Debug-Events|Any CPU.Build.0 = Debug-Events|Any CPU
		{1FD9B891-1719-4959-B6C8-BAE254D5DCA6}.Debug-PureECS|Any CPU.ActiveCfg = Debug-PureECS|Any CPU
		{1FD9B891-1719-4959-B6C8-BAE254D5DCA6}.Debug-PureECS|Any CPU.Build.0 = Debug-PureECS|Any CPU
		{1FD9B891-1719-4959-B6C8-BAE254D5DCA6}.Release|Any CPU.ActiveCfg = Release|Any CPU
		{1FD9B891-1719-4959-B6C8-BAE254D5DCA6}.Release|Any CPU.Build.0 = Release|Any CPU
		{1FD9B891-1719-4959-B6C8-BAE254D5DCA6}.Release-Events|Any CPU.ActiveCfg = Release-Events|Any CPU
		{1FD9B891-1719-4959-B6C8-BAE254D5DCA6}.Release-Events|Any CPU.Build.0 = Release-Events|Any CPU
		{1FD9B891-1719-4959-B6C8-BAE254D5DCA6}.Release-Pure|Any CPU.ActiveCfg = Release-PureECS|Any CPU
		{1FD9B891-1719-4959-B6C8-BAE254D5DCA6}.Release-Pure|Any CPU.Build.0 = Release-PureECS|Any CPU
		{1FD9B891-1719-4959-B6C8-BAE254D5DCA6}.Release-PureECS|Any CPU.ActiveCfg = Release-PureECS|Any CPU
		{1FD9B891-1719-4959-B6C8-BAE254D5DCA6}.Release-PureECS|Any CPU.Build.0 = Release-PureECS|Any CPU
		{0B92E64D-DF38-48B0-866D-207A7D2F8423}.Debug|Any CPU.ActiveCfg = Debug|Any CPU
		{0B92E64D-DF38-48B0-866D-207A7D2F8423}.Debug|Any CPU.Build.0 = Debug|Any CPU
		{0B92E64D-DF38-48B0-866D-207A7D2F8423}.Debug-Events|Any CPU.ActiveCfg = Debug-Events|Any CPU
		{0B92E64D-DF38-48B0-866D-207A7D2F8423}.Debug-Events|Any CPU.Build.0 = Debug-Events|Any CPU
		{0B92E64D-DF38-48B0-866D-207A7D2F8423}.Debug-PureECS|Any CPU.ActiveCfg = Debug-PureECS|Any CPU
		{0B92E64D-DF38-48B0-866D-207A7D2F8423}.Debug-PureECS|Any CPU.Build.0 = Debug-PureECS|Any CPU
		{0B92E64D-DF38-48B0-866D-207A7D2F8423}.Release|Any CPU.ActiveCfg = Release|Any CPU
		{0B92E64D-DF38-48B0-866D-207A7D2F8423}.Release|Any CPU.Build.0 = Release|Any CPU
		{0B92E64D-DF38-48B0-866D-207A7D2F8423}.Release-Events|Any CPU.ActiveCfg = Release-Events|Any CPU
		{0B92E64D-DF38-48B0-866D-207A7D2F8423}.Release-Events|Any CPU.Build.0 = Release-Events|Any CPU
		{0B92E64D-DF38-48B0-866D-207A7D2F8423}.Release-Pure|Any CPU.ActiveCfg = Release-Pure|Any CPU
		{0B92E64D-DF38-48B0-866D-207A7D2F8423}.Release-Pure|Any CPU.Build.0 = Release-Pure|Any CPU
		{0B92E64D-DF38-48B0-866D-207A7D2F8423}.Release-PureECS|Any CPU.ActiveCfg = Release-PureECS|Any CPU
		{0B92E64D-DF38-48B0-866D-207A7D2F8423}.Release-PureECS|Any CPU.Build.0 = Release-PureECS|Any CPU
		{CE87A8E8-9D28-4EA0-A521-B951B057BDF0}.Debug|Any CPU.ActiveCfg = Debug|Any CPU
		{CE87A8E8-9D28-4EA0-A521-B951B057BDF0}.Debug|Any CPU.Build.0 = Debug|Any CPU
		{CE87A8E8-9D28-4EA0-A521-B951B057BDF0}.Debug-Events|Any CPU.ActiveCfg = Debug|Any CPU
		{CE87A8E8-9D28-4EA0-A521-B951B057BDF0}.Debug-Events|Any CPU.Build.0 = Debug|Any CPU
		{CE87A8E8-9D28-4EA0-A521-B951B057BDF0}.Debug-PureECS|Any CPU.ActiveCfg = Debug|Any CPU
		{CE87A8E8-9D28-4EA0-A521-B951B057BDF0}.Debug-PureECS|Any CPU.Build.0 = Debug|Any CPU
		{CE87A8E8-9D28-4EA0-A521-B951B057BDF0}.Release|Any CPU.ActiveCfg = Release|Any CPU
		{CE87A8E8-9D28-4EA0-A521-B951B057BDF0}.Release|Any CPU.Build.0 = Release|Any CPU
		{CE87A8E8-9D28-4EA0-A521-B951B057BDF0}.Release-Events|Any CPU.ActiveCfg = Release|Any CPU
		{CE87A8E8-9D28-4EA0-A521-B951B057BDF0}.Release-Events|Any CPU.Build.0 = Release|Any CPU
		{CE87A8E8-9D28-4EA0-A521-B951B057BDF0}.Release-Pure|Any CPU.ActiveCfg = Release|Any CPU
		{CE87A8E8-9D28-4EA0-A521-B951B057BDF0}.Release-Pure|Any CPU.Build.0 = Release|Any CPU
		{CE87A8E8-9D28-4EA0-A521-B951B057BDF0}.Release-PureECS|Any CPU.ActiveCfg = Release|Any CPU
		{CE87A8E8-9D28-4EA0-A521-B951B057BDF0}.Release-PureECS|Any CPU.Build.0 = Release|Any CPU
		{AA01EA7A-2D09-41C4-A89E-C31B309DB59C}.Debug|Any CPU.ActiveCfg = Debug|Any CPU
		{AA01EA7A-2D09-41C4-A89E-C31B309DB59C}.Debug|Any CPU.Build.0 = Debug|Any CPU
		{AA01EA7A-2D09-41C4-A89E-C31B309DB59C}.Debug-Events|Any CPU.ActiveCfg = Debug|Any CPU
		{AA01EA7A-2D09-41C4-A89E-C31B309DB59C}.Debug-Events|Any CPU.Build.0 = Debug|Any CPU
		{AA01EA7A-2D09-41C4-A89E-C31B309DB59C}.Debug-PureECS|Any CPU.ActiveCfg = Debug|Any CPU
		{AA01EA7A-2D09-41C4-A89E-C31B309DB59C}.Debug-PureECS|Any CPU.Build.0 = Debug|Any CPU
		{AA01EA7A-2D09-41C4-A89E-C31B309DB59C}.Release|Any CPU.ActiveCfg = Release|Any CPU
		{AA01EA7A-2D09-41C4-A89E-C31B309DB59C}.Release|Any CPU.Build.0 = Release|Any CPU
		{AA01EA7A-2D09-41C4-A89E-C31B309DB59C}.Release-Events|Any CPU.ActiveCfg = Release|Any CPU
		{AA01EA7A-2D09-41C4-A89E-C31B309DB59C}.Release-Events|Any CPU.Build.0 = Release|Any CPU
		{AA01EA7A-2D09-41C4-A89E-C31B309DB59C}.Release-Pure|Any CPU.ActiveCfg = Release|Any CPU
		{AA01EA7A-2D09-41C4-A89E-C31B309DB59C}.Release-Pure|Any CPU.Build.0 = Release|Any CPU
		{AA01EA7A-2D09-41C4-A89E-C31B309DB59C}.Release-PureECS|Any CPU.ActiveCfg = Release|Any CPU
		{AA01EA7A-2D09-41C4-A89E-C31B309DB59C}.Release-PureECS|Any CPU.Build.0 = Release|Any CPU
		{B0812DD4-C4B3-4B30-862C-10FFB78138C8}.Debug|Any CPU.ActiveCfg = Debug|Any CPU
		{B0812DD4-C4B3-4B30-862C-10FFB78138C8}.Debug|Any CPU.Build.0 = Debug|Any CPU
		{B0812DD4-C4B3-4B30-862C-10FFB78138C8}.Debug-Events|Any CPU.ActiveCfg = Debug|Any CPU
		{B0812DD4-C4B3-4B30-862C-10FFB78138C8}.Debug-Events|Any CPU.Build.0 = Debug|Any CPU
		{B0812DD4-C4B3-4B30-862C-10FFB78138C8}.Debug-PureECS|Any CPU.ActiveCfg = Debug|Any CPU
		{B0812DD4-C4B3-4B30-862C-10FFB78138C8}.Debug-PureECS|Any CPU.Build.0 = Debug|Any CPU
		{B0812DD4-C4B3-4B30-862C-10FFB78138C8}.Release|Any CPU.ActiveCfg = Release|Any CPU
		{B0812DD4-C4B3-4B30-862C-10FFB78138C8}.Release|Any CPU.Build.0 = Release|Any CPU
		{B0812DD4-C4B3-4B30-862C-10FFB78138C8}.Release-Events|Any CPU.ActiveCfg = Release|Any CPU
		{B0812DD4-C4B3-4B30-862C-10FFB78138C8}.Release-Events|Any CPU.Build.0 = Release|Any CPU
		{B0812DD4-C4B3-4B30-862C-10FFB78138C8}.Release-Pure|Any CPU.ActiveCfg = Release|Any CPU
		{B0812DD4-C4B3-4B30-862C-10FFB78138C8}.Release-Pure|Any CPU.Build.0 = Release|Any CPU
		{B0812DD4-C4B3-4B30-862C-10FFB78138C8}.Release-PureECS|Any CPU.ActiveCfg = Release|Any CPU
		{B0812DD4-C4B3-4B30-862C-10FFB78138C8}.Release-PureECS|Any CPU.Build.0 = Release|Any CPU
		{6278BE85-0794-4F22-B701-D132BA9A99DB}.Debug|Any CPU.ActiveCfg = Debug|Any CPU
		{6278BE85-0794-4F22-B701-D132BA9A99DB}.Debug|Any CPU.Build.0 = Debug|Any CPU
		{6278BE85-0794-4F22-B701-D132BA9A99DB}.Debug-Events|Any CPU.ActiveCfg = Debug|Any CPU
		{6278BE85-0794-4F22-B701-D132BA9A99DB}.Debug-Events|Any CPU.Build.0 = Debug|Any CPU
		{6278BE85-0794-4F22-B701-D132BA9A99DB}.Debug-PureECS|Any CPU.ActiveCfg = Debug|Any CPU
		{6278BE85-0794-4F22-B701-D132BA9A99DB}.Debug-PureECS|Any CPU.Build.0 = Debug|Any CPU
		{6278BE85-0794-4F22-B701-D132BA9A99DB}.Release|Any CPU.ActiveCfg = Release|Any CPU
		{6278BE85-0794-4F22-B701-D132BA9A99DB}.Release|Any CPU.Build.0 = Release|Any CPU
		{6278BE85-0794-4F22-B701-D132BA9A99DB}.Release-Events|Any CPU.ActiveCfg = Release|Any CPU
		{6278BE85-0794-4F22-B701-D132BA9A99DB}.Release-Events|Any CPU.Build.0 = Release|Any CPU
		{6278BE85-0794-4F22-B701-D132BA9A99DB}.Release-Pure|Any CPU.ActiveCfg = Release|Any CPU
		{6278BE85-0794-4F22-B701-D132BA9A99DB}.Release-Pure|Any CPU.Build.0 = Release|Any CPU
		{6278BE85-0794-4F22-B701-D132BA9A99DB}.Release-PureECS|Any CPU.ActiveCfg = Release|Any CPU
		{6278BE85-0794-4F22-B701-D132BA9A99DB}.Release-PureECS|Any CPU.Build.0 = Release|Any CPU
		{2A2CC63F-7C08-43D6-8F78-129299CC021F}.Debug|Any CPU.ActiveCfg = Debug|Any CPU
		{2A2CC63F-7C08-43D6-8F78-129299CC021F}.Debug|Any CPU.Build.0 = Debug|Any CPU
		{2A2CC63F-7C08-43D6-8F78-129299CC021F}.Debug-Events|Any CPU.ActiveCfg = Debug|Any CPU
		{2A2CC63F-7C08-43D6-8F78-129299CC021F}.Debug-Events|Any CPU.Build.0 = Debug|Any CPU
		{2A2CC63F-7C08-43D6-8F78-129299CC021F}.Debug-PureECS|Any CPU.ActiveCfg = Debug|Any CPU
		{2A2CC63F-7C08-43D6-8F78-129299CC021F}.Debug-PureECS|Any CPU.Build.0 = Debug|Any CPU
		{2A2CC63F-7C08-43D6-8F78-129299CC021F}.Release|Any CPU.ActiveCfg = Release|Any CPU
		{2A2CC63F-7C08-43D6-8F78-129299CC021F}.Release|Any CPU.Build.0 = Release|Any CPU
		{2A2CC63F-7C08-43D6-8F78-129299CC021F}.Release-Events|Any CPU.ActiveCfg = Release|Any CPU
		{2A2CC63F-7C08-43D6-8F78-129299CC021F}.Release-Events|Any CPU.Build.0 = Release|Any CPU
		{2A2CC63F-7C08-43D6-8F78-129299CC021F}.Release-Pure|Any CPU.ActiveCfg = Release|Any CPU
		{2A2CC63F-7C08-43D6-8F78-129299CC021F}.Release-Pure|Any CPU.Build.0 = Release|Any CPU
		{2A2CC63F-7C08-43D6-8F78-129299CC021F}.Release-PureECS|Any CPU.ActiveCfg = Release|Any CPU
		{2A2CC63F-7C08-43D6-8F78-129299CC021F}.Release-PureECS|Any CPU.Build.0 = Release|Any CPU
		{8FBA246A-0486-4FDA-9FB0-E3D818A24896}.Debug|Any CPU.ActiveCfg = Debug|Any CPU
		{8FBA246A-0486-4FDA-9FB0-E3D818A24896}.Debug|Any CPU.Build.0 = Debug|Any CPU
		{8FBA246A-0486-4FDA-9FB0-E3D818A24896}.Debug-Events|Any CPU.ActiveCfg = Debug|Any CPU
		{8FBA246A-0486-4FDA-9FB0-E3D818A24896}.Debug-Events|Any CPU.Build.0 = Debug|Any CPU
		{8FBA246A-0486-4FDA-9FB0-E3D818A24896}.Debug-PureECS|Any CPU.ActiveCfg = Debug|Any CPU
		{8FBA246A-0486-4FDA-9FB0-E3D818A24896}.Debug-PureECS|Any CPU.Build.0 = Debug|Any CPU
		{8FBA246A-0486-4FDA-9FB0-E3D818A24896}.Release|Any CPU.ActiveCfg = Release|Any CPU
		{8FBA246A-0486-4FDA-9FB0-E3D818A24896}.Release|Any CPU.Build.0 = Release|Any CPU
		{8FBA246A-0486-4FDA-9FB0-E3D818A24896}.Release-Events|Any CPU.ActiveCfg = Release|Any CPU
		{8FBA246A-0486-4FDA-9FB0-E3D818A24896}.Release-Events|Any CPU.Build.0 = Release|Any CPU
		{8FBA246A-0486-4FDA-9FB0-E3D818A24896}.Release-Pure|Any CPU.ActiveCfg = Release|Any CPU
		{8FBA246A-0486-4FDA-9FB0-E3D818A24896}.Release-Pure|Any CPU.Build.0 = Release|Any CPU
		{8FBA246A-0486-4FDA-9FB0-E3D818A24896}.Release-PureECS|Any CPU.ActiveCfg = Release|Any CPU
		{8FBA246A-0486-4FDA-9FB0-E3D818A24896}.Release-PureECS|Any CPU.Build.0 = Release|Any CPU
		{537025F0-EFB6-481F-AA06-AECFBA95F711}.Debug|Any CPU.ActiveCfg = Debug|Any CPU
		{537025F0-EFB6-481F-AA06-AECFBA95F711}.Debug|Any CPU.Build.0 = Debug|Any CPU
		{537025F0-EFB6-481F-AA06-AECFBA95F711}.Debug-Events|Any CPU.ActiveCfg = Debug|Any CPU
		{537025F0-EFB6-481F-AA06-AECFBA95F711}.Debug-Events|Any CPU.Build.0 = Debug|Any CPU
		{537025F0-EFB6-481F-AA06-AECFBA95F711}.Debug-PureECS|Any CPU.ActiveCfg = Debug|Any CPU
		{537025F0-EFB6-481F-AA06-AECFBA95F711}.Debug-PureECS|Any CPU.Build.0 = Debug|Any CPU
		{537025F0-EFB6-481F-AA06-AECFBA95F711}.Release|Any CPU.ActiveCfg = Release|Any CPU
		{537025F0-EFB6-481F-AA06-AECFBA95F711}.Release|Any CPU.Build.0 = Release|Any CPU
		{537025F0-EFB6-481F-AA06-AECFBA95F711}.Release-Events|Any CPU.ActiveCfg = Release|Any CPU
		{537025F0-EFB6-481F-AA06-AECFBA95F711}.Release-Events|Any CPU.Build.0 = Release|Any CPU
		{537025F0-EFB6-481F-AA06-AECFBA95F711}.Release-Pure|Any CPU.ActiveCfg = Release|Any CPU
		{537025F0-EFB6-481F-AA06-AECFBA95F711}.Release-Pure|Any CPU.Build.0 = Release|Any CPU
		{537025F0-EFB6-481F-AA06-AECFBA95F711}.Release-PureECS|Any CPU.ActiveCfg = Release|Any CPU
		{537025F0-EFB6-481F-AA06-AECFBA95F711}.Release-PureECS|Any CPU.Build.0 = Release|Any CPU
		{B556892F-DAD6-4B19-81DE-EB4D0A671B0F}.Debug|Any CPU.ActiveCfg = Debug|Any CPU
		{B556892F-DAD6-4B19-81DE-EB4D0A671B0F}.Debug|Any CPU.Build.0 = Debug|Any CPU
		{B556892F-DAD6-4B19-81DE-EB4D0A671B0F}.Debug-Events|Any CPU.ActiveCfg = Debug|Any CPU
		{B556892F-DAD6-4B19-81DE-EB4D0A671B0F}.Debug-Events|Any CPU.Build.0 = Debug|Any CPU
		{B556892F-DAD6-4B19-81DE-EB4D0A671B0F}.Debug-PureECS|Any CPU.ActiveCfg = Debug|Any CPU
		{B556892F-DAD6-4B19-81DE-EB4D0A671B0F}.Debug-PureECS|Any CPU.Build.0 = Debug|Any CPU
		{B556892F-DAD6-4B19-81DE-EB4D0A671B0F}.Release|Any CPU.ActiveCfg = Release|Any CPU
		{B556892F-DAD6-4B19-81DE-EB4D0A671B0F}.Release|Any CPU.Build.0 = Release|Any CPU
		{B556892F-DAD6-4B19-81DE-EB4D0A671B0F}.Release-Events|Any CPU.ActiveCfg = Release|Any CPU
		{B556892F-DAD6-4B19-81DE-EB4D0A671B0F}.Release-Events|Any CPU.Build.0 = Release|Any CPU
		{B556892F-DAD6-4B19-81DE-EB4D0A671B0F}.Release-Pure|Any CPU.ActiveCfg = Release|Any CPU
		{B556892F-DAD6-4B19-81DE-EB4D0A671B0F}.Release-Pure|Any CPU.Build.0 = Release|Any CPU
		{B556892F-DAD6-4B19-81DE-EB4D0A671B0F}.Release-PureECS|Any CPU.ActiveCfg = Release|Any CPU
		{B556892F-DAD6-4B19-81DE-EB4D0A671B0F}.Release-PureECS|Any CPU.Build.0 = Release|Any CPU
	EndGlobalSection
	GlobalSection(SolutionProperties) = preSolution
		HideSolutionNode = FALSE
	EndGlobalSection
	GlobalSection(NestedProjects) = preSolution
		{0233806C-C951-4B11-AEB1-A52AF5243C3B} = {6937B470-5FA2-4A96-995B-92A0FB3B7192}
		{1FD9B891-1719-4959-B6C8-BAE254D5DCA6} = {0233806C-C951-4B11-AEB1-A52AF5243C3B}
		{0B92E64D-DF38-48B0-866D-207A7D2F8423} = {0233806C-C951-4B11-AEB1-A52AF5243C3B}
		{CE87A8E8-9D28-4EA0-A521-B951B057BDF0} = {0233806C-C951-4B11-AEB1-A52AF5243C3B}
		{AA01EA7A-2D09-41C4-A89E-C31B309DB59C} = {6937B470-5FA2-4A96-995B-92A0FB3B7192}
		{6278BE85-0794-4F22-B701-D132BA9A99DB} = {6937B470-5FA2-4A96-995B-92A0FB3B7192}
		{B556892F-DAD6-4B19-81DE-EB4D0A671B0F} = {6937B470-5FA2-4A96-995B-92A0FB3B7192}
	EndGlobalSection
	GlobalSection(ExtensibilityGlobals) = postSolution
		SolutionGuid = {0B174E1E-125E-48EE-8E30-F3793965839D}
	EndGlobalSection
EndGlobal
